PODS:
  - GDPerformanceView (1.3.1)
  - YYKit (1.0.9):
    - YYKit/no-arc (= 1.0.9)
  - YYKit/no-arc (1.0.9)

DEPENDENCIES:
  - GDPerformanceView
  - YYKit

SPEC REPOS:
  https://github.com/CocoaPods/Specs.git:
    - GDPerformanceView
    - YYKit

SPEC CHECKSUMS:
  GDPerformanceView: d70d646bf7022a3dfd64222e4966f403bfffef19
  YYKit: 7cda43304a8dc3696c449041e2cb3107b4e236e7

PODFILE CHECKSUM: 0e0b0ffd9a0b152114ed229c50b5398ab0eb2b8d

COCOAPODS: 1.5.0
